// !$*UTF8*$!
{
	archiveVersion = 1;
	classes = {
	};
	objectVersion = 55;
	objects = {

/* Begin PBXBuildFile section */
		042CEFBA2771AA9600A9D3D6 /* PasswordValidationRule.swift in Sources */ = {isa = PBXBuildFile; fileRef = 042CEFB32771AA9600A9D3D6 /* PasswordValidationRule.swift */; };
		042CEFBB2771AA9600A9D3D6 /* MatchingPasswordValidationRule.swift in Sources */ = {isa = PBXBuildFile; fileRef = 042CEFB42771AA9600A9D3D6 /* MatchingPasswordValidationRule.swift */; };
		042CEFBC2771AA9600A9D3D6 /* EmailValidationRule.swift in Sources */ = {isa = PBXBuildFile; fileRef = 042CEFB52771AA9600A9D3D6 /* EmailValidationRule.swift */; };
		042CEFBD2771AA9600A9D3D6 /* ValidationRule.swift in Sources */ = {isa = PBXBuildFile; fileRef = 042CEFB62771AA9600A9D3D6 /* ValidationRule.swift */; };
		042CEFC02771AACC00A9D3D6 /* Configurations.swift in Sources */ = {isa = PBXBuildFile; fileRef = 042CEFBF2771AACC00A9D3D6 /* Configurations.swift */; };
		042CEFC32771ABD800A9D3D6 /* String+Extensions.swift in Sources */ = {isa = PBXBuildFile; fileRef = 042CEFC22771ABD800A9D3D6 /* String+Extensions.swift */; };
		042CEFC72771AD3100A9D3D6 /* RegisterTests.swift in Sources */ = {isa = PBXBuildFile; fileRef = 042CEFC62771AD3100A9D3D6 /* RegisterTests.swift */; };
		042CEFCD2771AFE600A9D3D6 /* RegisterViewModel.swift in Sources */ = {isa = PBXBuildFile; fileRef = 042CEFCC2771AFE600A9D3D6 /* RegisterViewModel.swift */; };
		042CEFD02771B08C00A9D3D6 /* Dynamic.swift in Sources */ = {isa = PBXBuildFile; fileRef = 042CEFCF2771B08C00A9D3D6 /* Dynamic.swift */; };
		042CEFD32771B09B00A9D3D6 /* BaseViewModel.swift in Sources */ = {isa = PBXBuildFile; fileRef = 042CEFD22771B09B00A9D3D6 /* BaseViewModel.swift */; };
		042CEFD52771B7BF00A9D3D6 /* UIViewController+Navigation.swift in Sources */ = {isa = PBXBuildFile; fileRef = 042CEFD42771B7BF00A9D3D6 /* UIViewController+Navigation.swift */; };
		042CEFD72771B88B00A9D3D6 /* BaseViewController.swift in Sources */ = {isa = PBXBuildFile; fileRef = 042CEFD62771B88B00A9D3D6 /* BaseViewController.swift */; };
		042CEFD92771B92900A9D3D6 /* RegisterRouter.swift in Sources */ = {isa = PBXBuildFile; fileRef = 042CEFD82771B92900A9D3D6 /* RegisterRouter.swift */; };
		042CEFDD2771B9B900A9D3D6 /* FakeRegisterRouter.swift in Sources */ = {isa = PBXBuildFile; fileRef = 042CEFDC2771B9B900A9D3D6 /* FakeRegisterRouter.swift */; };
		042CEFE02771BB2300A9D3D6 /* RegisterBuilder.swift in Sources */ = {isa = PBXBuildFile; fileRef = 042CEFDF2771BB2300A9D3D6 /* RegisterBuilder.swift */; };
		042CEFE22771BB3200A9D3D6 /* RegisterViewController.swift in Sources */ = {isa = PBXBuildFile; fileRef = 042CEFE12771BB3200A9D3D6 /* RegisterViewController.swift */; };
		04B3386E277196A4008219D1 /* AppDelegate.swift in Sources */ = {isa = PBXBuildFile; fileRef = 04B3386D277196A4008219D1 /* AppDelegate.swift */; };
		04B33870277196A4008219D1 /* SceneDelegate.swift in Sources */ = {isa = PBXBuildFile; fileRef = 04B3386F277196A4008219D1 /* SceneDelegate.swift */; };
		04B33877277196A5008219D1 /* Assets.xcassets in Resources */ = {isa = PBXBuildFile; fileRef = 04B33876277196A5008219D1 /* Assets.xcassets */; };
		04B3387A277196A5008219D1 /* LaunchScreen.storyboard in Resources */ = {isa = PBXBuildFile; fileRef = 04B33878277196A5008219D1 /* LaunchScreen.storyboard */; };
		04B338932771978A008219D1 /* ValidationRulesTests.swift in Sources */ = {isa = PBXBuildFile; fileRef = 04B338922771978A008219D1 /* ValidationRulesTests.swift */; };
		04B33898277197CE008219D1 /* LocalError.swift in Sources */ = {isa = PBXBuildFile; fileRef = 04B33897277197CE008219D1 /* LocalError.swift */; };
		04B3389A277197F8008219D1 /* ValidationError.swift in Sources */ = {isa = PBXBuildFile; fileRef = 04B33899277197F8008219D1 /* ValidationError.swift */; };
		04B3389D27719A51008219D1 /* LocalErrorParser.swift in Sources */ = {isa = PBXBuildFile; fileRef = 04B3389C27719A51008219D1 /* LocalErrorParser.swift */; };
		97A3BE031648A6E5296DBCE7 /* Pods_StrategyTutorial.framework in Frameworks */ = {isa = PBXBuildFile; fileRef = A116A82D697024F8E023CB3C /* Pods_StrategyTutorial.framework */; };
		BD439046919F139164AD3F15 /* libPods-StrategyTutorialTests.a in Frameworks */ = {isa = PBXBuildFile; fileRef = C1542DD47AB6C61EB776606A /* libPods-StrategyTutorialTests.a */; };
/* End PBXBuildFile section */

/* Begin PBXContainerItemProxy section */
		04B3388927719714008219D1 /* PBXContainerItemProxy */ = {
			isa = PBXContainerItemProxy;
			containerPortal = 04B33862277196A4008219D1 /* Project object */;
			proxyType = 1;
			remoteGlobalIDString = 04B33869277196A4008219D1;
			remoteInfo = StrategyTutorial;
		};
/* End PBXContainerItemProxy section */

/* Begin PBXFileReference section */
		042CEFB32771AA9600A9D3D6 /* PasswordValidationRule.swift */ = {isa = PBXFileReference; fileEncoding = 4; lastKnownFileType = sourcecode.swift; path = PasswordValidationRule.swift; sourceTree = "<group>"; };
		042CEFB42771AA9600A9D3D6 /* MatchingPasswordValidationRule.swift */ = {isa = PBXFileReference; fileEncoding = 4; lastKnownFileType = sourcecode.swift; path = MatchingPasswordValidationRule.swift; sourceTree = "<group>"; };
		042CEFB52771AA9600A9D3D6 /* EmailValidationRule.swift */ = {isa = PBXFileReference; fileEncoding = 4; lastKnownFileType = sourcecode.swift; path = EmailValidationRule.swift; sourceTree = "<group>"; };
		042CEFB62771AA9600A9D3D6 /* ValidationRule.swift */ = {isa = PBXFileReference; fileEncoding = 4; lastKnownFileType = sourcecode.swift; path = ValidationRule.swift; sourceTree = "<group>"; };
		042CEFBF2771AACC00A9D3D6 /* Configurations.swift */ = {isa = PBXFileReference; lastKnownFileType = sourcecode.swift; path = Configurations.swift; sourceTree = "<group>"; };
		042CEFC22771ABD800A9D3D6 /* String+Extensions.swift */ = {isa = PBXFileReference; lastKnownFileType = sourcecode.swift; path = "String+Extensions.swift"; sourceTree = "<group>"; };
		042CEFC62771AD3100A9D3D6 /* RegisterTests.swift */ = {isa = PBXFileReference; lastKnownFileType = sourcecode.swift; path = RegisterTests.swift; sourceTree = "<group>"; };
		042CEFCC2771AFE600A9D3D6 /* RegisterViewModel.swift */ = {isa = PBXFileReference; lastKnownFileType = sourcecode.swift; path = RegisterViewModel.swift; sourceTree = "<group>"; };
		042CEFCF2771B08C00A9D3D6 /* Dynamic.swift */ = {isa = PBXFileReference; lastKnownFileType = sourcecode.swift; path = Dynamic.swift; sourceTree = "<group>"; };
		042CEFD22771B09B00A9D3D6 /* BaseViewModel.swift */ = {isa = PBXFileReference; lastKnownFileType = sourcecode.swift; path = BaseViewModel.swift; sourceTree = "<group>"; };
		042CEFD42771B7BF00A9D3D6 /* UIViewController+Navigation.swift */ = {isa = PBXFileReference; lastKnownFileType = sourcecode.swift; path = "UIViewController+Navigation.swift"; sourceTree = "<group>"; };
		042CEFD62771B88B00A9D3D6 /* BaseViewController.swift */ = {isa = PBXFileReference; lastKnownFileType = sourcecode.swift; path = BaseViewController.swift; sourceTree = "<group>"; };
		042CEFD82771B92900A9D3D6 /* RegisterRouter.swift */ = {isa = PBXFileReference; lastKnownFileType = sourcecode.swift; path = RegisterRouter.swift; sourceTree = "<group>"; };
		042CEFDC2771B9B900A9D3D6 /* FakeRegisterRouter.swift */ = {isa = PBXFileReference; lastKnownFileType = sourcecode.swift; path = FakeRegisterRouter.swift; sourceTree = "<group>"; };
		042CEFDF2771BB2300A9D3D6 /* RegisterBuilder.swift */ = {isa = PBXFileReference; lastKnownFileType = sourcecode.swift; path = RegisterBuilder.swift; sourceTree = "<group>"; };
		042CEFE12771BB3200A9D3D6 /* RegisterViewController.swift */ = {isa = PBXFileReference; lastKnownFileType = sourcecode.swift; path = RegisterViewController.swift; sourceTree = "<group>"; };
		04B3386A277196A4008219D1 /* StrategyTutorial.app */ = {isa = PBXFileReference; explicitFileType = wrapper.application; includeInIndex = 0; path = StrategyTutorial.app; sourceTree = BUILT_PRODUCTS_DIR; };
		04B3386D277196A4008219D1 /* AppDelegate.swift */ = {isa = PBXFileReference; lastKnownFileType = sourcecode.swift; path = AppDelegate.swift; sourceTree = "<group>"; };
		04B3386F277196A4008219D1 /* SceneDelegate.swift */ = {isa = PBXFileReference; lastKnownFileType = sourcecode.swift; path = SceneDelegate.swift; sourceTree = "<group>"; };
		04B33876277196A5008219D1 /* Assets.xcassets */ = {isa = PBXFileReference; lastKnownFileType = folder.assetcatalog; path = Assets.xcassets; sourceTree = "<group>"; };
		04B33879277196A5008219D1 /* Base */ = {isa = PBXFileReference; lastKnownFileType = file.storyboard; name = Base; path = Base.lproj/LaunchScreen.storyboard; sourceTree = "<group>"; };
		04B3387B277196A5008219D1 /* Info.plist */ = {isa = PBXFileReference; lastKnownFileType = text.plist.xml; path = Info.plist; sourceTree = "<group>"; };
		04B3388527719714008219D1 /* StrategyTutorialTests.xctest */ = {isa = PBXFileReference; explicitFileType = wrapper.cfbundle; includeInIndex = 0; path = StrategyTutorialTests.xctest; sourceTree = BUILT_PRODUCTS_DIR; };
		04B338922771978A008219D1 /* ValidationRulesTests.swift */ = {isa = PBXFileReference; fileEncoding = 4; lastKnownFileType = sourcecode.swift; path = ValidationRulesTests.swift; sourceTree = "<group>"; };
		04B33897277197CE008219D1 /* LocalError.swift */ = {isa = PBXFileReference; lastKnownFileType = sourcecode.swift; path = LocalError.swift; sourceTree = "<group>"; };
		04B33899277197F8008219D1 /* ValidationError.swift */ = {isa = PBXFileReference; lastKnownFileType = sourcecode.swift; path = ValidationError.swift; sourceTree = "<group>"; };
		04B3389C27719A51008219D1 /* LocalErrorParser.swift */ = {isa = PBXFileReference; lastKnownFileType = sourcecode.swift; path = LocalErrorParser.swift; sourceTree = "<group>"; };
		062B78920A04ACDD6838D13D /* Pods-StrategyTutorialTests.debug.xcconfig */ = {isa = PBXFileReference; includeInIndex = 1; lastKnownFileType = text.xcconfig; name = "Pods-StrategyTutorialTests.debug.xcconfig"; path = "Target Support Files/Pods-StrategyTutorialTests/Pods-StrategyTutorialTests.debug.xcconfig"; sourceTree = "<group>"; };
		5DB0900C961E0335D9B954B4 /* Pods-StrategyTutorial.release.xcconfig */ = {isa = PBXFileReference; includeInIndex = 1; lastKnownFileType = text.xcconfig; name = "Pods-StrategyTutorial.release.xcconfig"; path = "Target Support Files/Pods-StrategyTutorial/Pods-StrategyTutorial.release.xcconfig"; sourceTree = "<group>"; };
		A116A82D697024F8E023CB3C /* Pods_StrategyTutorial.framework */ = {isa = PBXFileReference; explicitFileType = wrapper.framework; includeInIndex = 0; path = Pods_StrategyTutorial.framework; sourceTree = BUILT_PRODUCTS_DIR; };
		C1542DD47AB6C61EB776606A /* libPods-StrategyTutorialTests.a */ = {isa = PBXFileReference; explicitFileType = archive.ar; includeInIndex = 0; path = "libPods-StrategyTutorialTests.a"; sourceTree = BUILT_PRODUCTS_DIR; };
		DCE10B3112023DE7B3A42116 /* Pods-StrategyTutorialTests.release.xcconfig */ = {isa = PBXFileReference; includeInIndex = 1; lastKnownFileType = text.xcconfig; name = "Pods-StrategyTutorialTests.release.xcconfig"; path = "Target Support Files/Pods-StrategyTutorialTests/Pods-StrategyTutorialTests.release.xcconfig"; sourceTree = "<group>"; };
		FF2714BD4705E15BE568123E /* Pods-StrategyTutorial.debug.xcconfig */ = {isa = PBXFileReference; includeInIndex = 1; lastKnownFileType = text.xcconfig; name = "Pods-StrategyTutorial.debug.xcconfig"; path = "Target Support Files/Pods-StrategyTutorial/Pods-StrategyTutorial.debug.xcconfig"; sourceTree = "<group>"; };
/* End PBXFileReference section */

/* Begin PBXFrameworksBuildPhase section */
		04B33867277196A4008219D1 /* Frameworks */ = {
			isa = PBXFrameworksBuildPhase;
			buildActionMask = 2147483647;
			files = (
				97A3BE031648A6E5296DBCE7 /* Pods_StrategyTutorial.framework in Frameworks */,
			);
			runOnlyForDeploymentPostprocessing = 0;
		};
		04B3388227719714008219D1 /* Frameworks */ = {
			isa = PBXFrameworksBuildPhase;
			buildActionMask = 2147483647;
			files = (
				BD439046919F139164AD3F15 /* libPods-StrategyTutorialTests.a in Frameworks */,
			);
			runOnlyForDeploymentPostprocessing = 0;
		};
/* End PBXFrameworksBuildPhase section */

/* Begin PBXGroup section */
		042CEFAF2771AA9600A9D3D6 /* Validation Rules */ = {
			isa = PBXGroup;
			children = (
				042CEFB32771AA9600A9D3D6 /* PasswordValidationRule.swift */,
				042CEFB42771AA9600A9D3D6 /* MatchingPasswordValidationRule.swift */,
				042CEFB52771AA9600A9D3D6 /* EmailValidationRule.swift */,
				042CEFB62771AA9600A9D3D6 /* ValidationRule.swift */,
			);
			path = "Validation Rules";
			sourceTree = "<group>";
		};
		042CEFBE2771AAC100A9D3D6 /* Business */ = {
			isa = PBXGroup;
			children = (
				042CEFBF2771AACC00A9D3D6 /* Configurations.swift */,
			);
			path = Business;
			sourceTree = "<group>";
		};
		042CEFC12771ABD000A9D3D6 /* Extensions */ = {
			isa = PBXGroup;
			children = (
				042CEFC22771ABD800A9D3D6 /* String+Extensions.swift */,
				042CEFD42771B7BF00A9D3D6 /* UIViewController+Navigation.swift */,
			);
			path = Extensions;
			sourceTree = "<group>";
		};
		042CEFC42771AD0900A9D3D6 /* Login */ = {
			isa = PBXGroup;
			children = (
			);
			path = Login;
			sourceTree = "<group>";
		};
		042CEFC52771AD0E00A9D3D6 /* Register */ = {
			isa = PBXGroup;
			children = (
				042CEFDA2771B99C00A9D3D6 /* Fakes */,
				042CEFC62771AD3100A9D3D6 /* RegisterTests.swift */,
			);
			path = Register;
			sourceTree = "<group>";
		};
		042CEFC82771AFC500A9D3D6 /* Modules */ = {
			isa = PBXGroup;
			children = (
				042CEFCB2771AFD400A9D3D6 /* Authentication */,
			);
			path = Modules;
			sourceTree = "<group>";
		};
		042CEFCB2771AFD400A9D3D6 /* Authentication */ = {
			isa = PBXGroup;
			children = (
				042CEFDE2771BB1900A9D3D6 /* Register */,
			);
			path = Authentication;
			sourceTree = "<group>";
		};
		042CEFCE2771B08700A9D3D6 /* Utils */ = {
			isa = PBXGroup;
			children = (
				042CEFCF2771B08C00A9D3D6 /* Dynamic.swift */,
			);
			path = Utils;
			sourceTree = "<group>";
		};
		042CEFD12771B09500A9D3D6 /* Base */ = {
			isa = PBXGroup;
			children = (
				042CEFD22771B09B00A9D3D6 /* BaseViewModel.swift */,
				042CEFD62771B88B00A9D3D6 /* BaseViewController.swift */,
			);
			path = Base;
			sourceTree = "<group>";
		};
		042CEFDA2771B99C00A9D3D6 /* Fakes */ = {
			isa = PBXGroup;
			children = (
				042CEFDC2771B9B900A9D3D6 /* FakeRegisterRouter.swift */,
			);
			path = Fakes;
			sourceTree = "<group>";
		};
		042CEFDB2771B9A000A9D3D6 /* Modules */ = {
			isa = PBXGroup;
			children = (
				042CEFC52771AD0E00A9D3D6 /* Register */,
				042CEFC42771AD0900A9D3D6 /* Login */,
			);
			path = Modules;
			sourceTree = "<group>";
		};
		042CEFDE2771BB1900A9D3D6 /* Register */ = {
			isa = PBXGroup;
			children = (
				042CEFCC2771AFE600A9D3D6 /* RegisterViewModel.swift */,
				042CEFD82771B92900A9D3D6 /* RegisterRouter.swift */,
				042CEFDF2771BB2300A9D3D6 /* RegisterBuilder.swift */,
				042CEFE12771BB3200A9D3D6 /* RegisterViewController.swift */,
			);
			path = Register;
			sourceTree = "<group>";
		};
		04B33861277196A4008219D1 = {
			isa = PBXGroup;
			children = (
				04B3386C277196A4008219D1 /* StrategyTutorial */,
				04B3388627719714008219D1 /* StrategyTutorialTests */,
				04B3386B277196A4008219D1 /* Products */,
				89E6F61B2A2C79EBDB646102 /* Pods */,
				BDA5A30630DD77FDC484D3F4 /* Frameworks */,
			);
			sourceTree = "<group>";
		};
		04B3386B277196A4008219D1 /* Products */ = {
			isa = PBXGroup;
			children = (
				04B3386A277196A4008219D1 /* StrategyTutorial.app */,
				04B3388527719714008219D1 /* StrategyTutorialTests.xctest */,
			);
			name = Products;
			sourceTree = "<group>";
		};
		04B3386C277196A4008219D1 /* StrategyTutorial */ = {
			isa = PBXGroup;
			children = (
				042CEFC82771AFC500A9D3D6 /* Modules */,
				04B33894277197BE008219D1 /* Core */,
				04B3386D277196A4008219D1 /* AppDelegate.swift */,
				04B3386F277196A4008219D1 /* SceneDelegate.swift */,
				04B33876277196A5008219D1 /* Assets.xcassets */,
				04B33878277196A5008219D1 /* LaunchScreen.storyboard */,
				04B3387B277196A5008219D1 /* Info.plist */,
			);
			path = StrategyTutorial;
			sourceTree = "<group>";
		};
		04B3388627719714008219D1 /* StrategyTutorialTests */ = {
			isa = PBXGroup;
			children = (
				042CEFDB2771B9A000A9D3D6 /* Modules */,
				04B338912771978A008219D1 /* Validations */,
			);
			path = StrategyTutorialTests;
			sourceTree = "<group>";
		};
		04B338912771978A008219D1 /* Validations */ = {
			isa = PBXGroup;
			children = (
				04B338922771978A008219D1 /* ValidationRulesTests.swift */,
			);
			path = Validations;
			sourceTree = "<group>";
		};
		04B33894277197BE008219D1 /* Core */ = {
			isa = PBXGroup;
			children = (
				042CEFD12771B09500A9D3D6 /* Base */,
				042CEFCE2771B08700A9D3D6 /* Utils */,
				042CEFC12771ABD000A9D3D6 /* Extensions */,
				042CEFBE2771AAC100A9D3D6 /* Business */,
				04B33895277197C2008219D1 /* Error Handling */,
			);
			path = Core;
			sourceTree = "<group>";
		};
		04B33895277197C2008219D1 /* Error Handling */ = {
			isa = PBXGroup;
			children = (
				042CEFAF2771AA9600A9D3D6 /* Validation Rules */,
				04B3389B27719A46008219D1 /* Parsers */,
				04B33896277197C6008219D1 /* Errors */,
			);
			path = "Error Handling";
			sourceTree = "<group>";
		};
		04B33896277197C6008219D1 /* Errors */ = {
			isa = PBXGroup;
			children = (
				04B33897277197CE008219D1 /* LocalError.swift */,
				04B33899277197F8008219D1 /* ValidationError.swift */,
			);
			path = Errors;
			sourceTree = "<group>";
		};
		04B3389B27719A46008219D1 /* Parsers */ = {
			isa = PBXGroup;
			children = (
				04B3389C27719A51008219D1 /* LocalErrorParser.swift */,
			);
			path = Parsers;
			sourceTree = "<group>";
		};
		89E6F61B2A2C79EBDB646102 /* Pods */ = {
			isa = PBXGroup;
			children = (
				FF2714BD4705E15BE568123E /* Pods-StrategyTutorial.debug.xcconfig */,
				5DB0900C961E0335D9B954B4 /* Pods-StrategyTutorial.release.xcconfig */,
				062B78920A04ACDD6838D13D /* Pods-StrategyTutorialTests.debug.xcconfig */,
				DCE10B3112023DE7B3A42116 /* Pods-StrategyTutorialTests.release.xcconfig */,
			);
			path = Pods;
			sourceTree = "<group>";
		};
		BDA5A30630DD77FDC484D3F4 /* Frameworks */ = {
			isa = PBXGroup;
			children = (
				A116A82D697024F8E023CB3C /* Pods_StrategyTutorial.framework */,
				C1542DD47AB6C61EB776606A /* libPods-StrategyTutorialTests.a */,
			);
			name = Frameworks;
			sourceTree = "<group>";
		};
/* End PBXGroup section */

/* Begin PBXNativeTarget section */
		04B33869277196A4008219D1 /* StrategyTutorial */ = {
			isa = PBXNativeTarget;
			buildConfigurationList = 04B3387E277196A5008219D1 /* Build configuration list for PBXNativeTarget "StrategyTutorial" */;
			buildPhases = (
				B9578C17C7C7D16452EDDE0E /* [CP] Check Pods Manifest.lock */,
				04B33866277196A4008219D1 /* Sources */,
				04B33867277196A4008219D1 /* Frameworks */,
				04B33868277196A4008219D1 /* Resources */,
			);
			buildRules = (
			);
			dependencies = (
			);
			name = StrategyTutorial;
			productName = StrategyTutorial;
			productReference = 04B3386A277196A4008219D1 /* StrategyTutorial.app */;
			productType = "com.apple.product-type.application";
		};
		04B3388427719714008219D1 /* StrategyTutorialTests */ = {
			isa = PBXNativeTarget;
			buildConfigurationList = 04B3388B27719714008219D1 /* Build configuration list for PBXNativeTarget "StrategyTutorialTests" */;
			buildPhases = (
				2724E5522F73C20C0C7B0584 /* [CP] Check Pods Manifest.lock */,
				04B3388127719714008219D1 /* Sources */,
				04B3388227719714008219D1 /* Frameworks */,
				04B3388327719714008219D1 /* Resources */,
			);
			buildRules = (
			);
			dependencies = (
				04B3388A27719714008219D1 /* PBXTargetDependency */,
			);
			name = StrategyTutorialTests;
			productName = StrategyTutorialTests;
			productReference = 04B3388527719714008219D1 /* StrategyTutorialTests.xctest */;
			productType = "com.apple.product-type.bundle.unit-test";
		};
/* End PBXNativeTarget section */

/* Begin PBXProject section */
		04B33862277196A4008219D1 /* Project object */ = {
			isa = PBXProject;
			attributes = {
				BuildIndependentTargetsInParallel = 1;
				LastSwiftUpdateCheck = 1320;
				LastUpgradeCheck = 1320;
				TargetAttributes = {
					04B33869277196A4008219D1 = {
						CreatedOnToolsVersion = 13.2;
					};
					04B3388427719714008219D1 = {
						CreatedOnToolsVersion = 13.2;
						TestTargetID = 04B33869277196A4008219D1;
					};
				};
			};
			buildConfigurationList = 04B33865277196A4008219D1 /* Build configuration list for PBXProject "StrategyTutorial" */;
			compatibilityVersion = "Xcode 13.0";
			developmentRegion = en;
			hasScannedForEncodings = 0;
			knownRegions = (
				en,
				Base,
			);
			mainGroup = 04B33861277196A4008219D1;
			productRefGroup = 04B3386B277196A4008219D1 /* Products */;
			projectDirPath = "";
			projectRoot = "";
			targets = (
				04B33869277196A4008219D1 /* StrategyTutorial */,
				04B3388427719714008219D1 /* StrategyTutorialTests */,
			);
		};
/* End PBXProject section */

/* Begin PBXResourcesBuildPhase section */
		04B33868277196A4008219D1 /* Resources */ = {
			isa = PBXResourcesBuildPhase;
			buildActionMask = 2147483647;
			files = (
				04B3387A277196A5008219D1 /* LaunchScreen.storyboard in Resources */,
				04B33877277196A5008219D1 /* Assets.xcassets in Resources */,
			);
			runOnlyForDeploymentPostprocessing = 0;
		};
		04B3388327719714008219D1 /* Resources */ = {
			isa = PBXResourcesBuildPhase;
			buildActionMask = 2147483647;
			files = (
			);
			runOnlyForDeploymentPostprocessing = 0;
		};
/* End PBXResourcesBuildPhase section */

/* Begin PBXShellScriptBuildPhase section */
		2724E5522F73C20C0C7B0584 /* [CP] Check Pods Manifest.lock */ = {
			isa = PBXShellScriptBuildPhase;
			buildActionMask = 2147483647;
			files = (
			);
			inputFileListPaths = (
			);
			inputPaths = (
				"${PODS_PODFILE_DIR_PATH}/Podfile.lock",
				"${PODS_ROOT}/Manifest.lock",
			);
			name = "[CP] Check Pods Manifest.lock";
			outputFileListPaths = (
			);
			outputPaths = (
				"$(DERIVED_FILE_DIR)/Pods-StrategyTutorialTests-checkManifestLockResult.txt",
			);
			runOnlyForDeploymentPostprocessing = 0;
			shellPath = /bin/sh;
			shellScript = "diff \"${PODS_PODFILE_DIR_PATH}/Podfile.lock\" \"${PODS_ROOT}/Manifest.lock\" > /dev/null\nif [ $? != 0 ] ; then\n    # print error to STDERR\n    echo \"error: The sandbox is not in sync with the Podfile.lock. Run 'pod install' or update your CocoaPods installation.\" >&2\n    exit 1\nfi\n# This output is used by Xcode 'outputs' to avoid re-running this script phase.\necho \"SUCCESS\" > \"${SCRIPT_OUTPUT_FILE_0}\"\n";
			showEnvVarsInLog = 0;
		};
		B9578C17C7C7D16452EDDE0E /* [CP] Check Pods Manifest.lock */ = {
			isa = PBXShellScriptBuildPhase;
			buildActionMask = 2147483647;
			files = (
			);
			inputFileListPaths = (
			);
			inputPaths = (
				"${PODS_PODFILE_DIR_PATH}/Podfile.lock",
				"${PODS_ROOT}/Manifest.lock",
			);
			name = "[CP] Check Pods Manifest.lock";
			outputFileListPaths = (
			);
			outputPaths = (
				"$(DERIVED_FILE_DIR)/Pods-StrategyTutorial-checkManifestLockResult.txt",
			);
			runOnlyForDeploymentPostprocessing = 0;
			shellPath = /bin/sh;
			shellScript = "diff \"${PODS_PODFILE_DIR_PATH}/Podfile.lock\" \"${PODS_ROOT}/Manifest.lock\" > /dev/null\nif [ $? != 0 ] ; then\n    # print error to STDERR\n    echo \"error: The sandbox is not in sync with the Podfile.lock. Run 'pod install' or update your CocoaPods installation.\" >&2\n    exit 1\nfi\n# This output is used by Xcode 'outputs' to avoid re-running this script phase.\necho \"SUCCESS\" > \"${SCRIPT_OUTPUT_FILE_0}\"\n";
			showEnvVarsInLog = 0;
		};
/* End PBXShellScriptBuildPhase section */

/* Begin PBXSourcesBuildPhase section */
		04B33866277196A4008219D1 /* Sources */ = {
			isa = PBXSourcesBuildPhase;
			buildActionMask = 2147483647;
			files = (
				04B33898277197CE008219D1 /* LocalError.swift in Sources */,
				042CEFBC2771AA9600A9D3D6 /* EmailValidationRule.swift in Sources */,
				042CEFE02771BB2300A9D3D6 /* RegisterBuilder.swift in Sources */,
				04B3389A277197F8008219D1 /* ValidationError.swift in Sources */,
				042CEFE22771BB3200A9D3D6 /* RegisterViewController.swift in Sources */,
				042CEFD02771B08C00A9D3D6 /* Dynamic.swift in Sources */,
				042CEFD92771B92900A9D3D6 /* RegisterRouter.swift in Sources */,
				042CEFC32771ABD800A9D3D6 /* String+Extensions.swift in Sources */,
				042CEFBA2771AA9600A9D3D6 /* PasswordValidationRule.swift in Sources */,
				042CEFD72771B88B00A9D3D6 /* BaseViewController.swift in Sources */,
				042CEFC02771AACC00A9D3D6 /* Configurations.swift in Sources */,
				04B3386E277196A4008219D1 /* AppDelegate.swift in Sources */,
				042CEFCD2771AFE600A9D3D6 /* RegisterViewModel.swift in Sources */,
				04B33870277196A4008219D1 /* SceneDelegate.swift in Sources */,
				042CEFD32771B09B00A9D3D6 /* BaseViewModel.swift in Sources */,
				042CEFD52771B7BF00A9D3D6 /* UIViewController+Navigation.swift in Sources */,
				042CEFBD2771AA9600A9D3D6 /* ValidationRule.swift in Sources */,
				042CEFBB2771AA9600A9D3D6 /* MatchingPasswordValidationRule.swift in Sources */,
				04B3389D27719A51008219D1 /* LocalErrorParser.swift in Sources */,
			);
			runOnlyForDeploymentPostprocessing = 0;
		};
		04B3388127719714008219D1 /* Sources */ = {
			isa = PBXSourcesBuildPhase;
			buildActionMask = 2147483647;
			files = (
				042CEFC72771AD3100A9D3D6 /* RegisterTests.swift in Sources */,
				04B338932771978A008219D1 /* ValidationRulesTests.swift in Sources */,
				042CEFDD2771B9B900A9D3D6 /* FakeRegisterRouter.swift in Sources */,
			);
			runOnlyForDeploymentPostprocessing = 0;
		};
/* End PBXSourcesBuildPhase section */

/* Begin PBXTargetDependency section */
		04B3388A27719714008219D1 /* PBXTargetDependency */ = {
			isa = PBXTargetDependency;
			target = 04B33869277196A4008219D1 /* StrategyTutorial */;
			targetProxy = 04B3388927719714008219D1 /* PBXContainerItemProxy */;
		};
/* End PBXTargetDependency section */

/* Begin PBXVariantGroup section */
		04B33878277196A5008219D1 /* LaunchScreen.storyboard */ = {
			isa = PBXVariantGroup;
			children = (
				04B33879277196A5008219D1 /* Base */,
			);
			name = LaunchScreen.storyboard;
			sourceTree = "<group>";
		};
/* End PBXVariantGroup section */

/* Begin XCBuildConfiguration section */
		04B3387C277196A5008219D1 /* Debug */ = {
			isa = XCBuildConfiguration;
			buildSettings = {
				ALWAYS_SEARCH_USER_PATHS = NO;
				CLANG_ANALYZER_NONNULL = YES;
				CLANG_ANALYZER_NUMBER_OBJECT_CONVERSION = YES_AGGRESSIVE;
				CLANG_CXX_LANGUAGE_STANDARD = "gnu++17";
				CLANG_CXX_LIBRARY = "libc++";
				CLANG_ENABLE_MODULES = YES;
				CLANG_ENABLE_OBJC_ARC = YES;
				CLANG_ENABLE_OBJC_WEAK = YES;
				CLANG_WARN_BLOCK_CAPTURE_AUTORELEASING = YES;
				CLANG_WARN_BOOL_CONVERSION = YES;
				CLANG_WARN_COMMA = YES;
				CLANG_WARN_CONSTANT_CONVERSION = YES;
				CLANG_WARN_DEPRECATED_OBJC_IMPLEMENTATIONS = YES;
				CLANG_WARN_DIRECT_OBJC_ISA_USAGE = YES_ERROR;
				CLANG_WARN_DOCUMENTATION_COMMENTS = YES;
				CLANG_WARN_EMPTY_BODY = YES;
				CLANG_WARN_ENUM_CONVERSION = YES;
				CLANG_WARN_INFINITE_RECURSION = YES;
				CLANG_WARN_INT_CONVERSION = YES;
				CLANG_WARN_NON_LITERAL_NULL_CONVERSION = YES;
				CLANG_WARN_OBJC_IMPLICIT_RETAIN_SELF = YES;
				CLANG_WARN_OBJC_LITERAL_CONVERSION = YES;
				CLANG_WARN_OBJC_ROOT_CLASS = YES_ERROR;
				CLANG_WARN_QUOTED_INCLUDE_IN_FRAMEWORK_HEADER = YES;
				CLANG_WARN_RANGE_LOOP_ANALYSIS = YES;
				CLANG_WARN_STRICT_PROTOTYPES = YES;
				CLANG_WARN_SUSPICIOUS_MOVE = YES;
				CLANG_WARN_UNGUARDED_AVAILABILITY = YES_AGGRESSIVE;
				CLANG_WARN_UNREACHABLE_CODE = YES;
				CLANG_WARN__DUPLICATE_METHOD_MATCH = YES;
				COPY_PHASE_STRIP = NO;
				DEBUG_INFORMATION_FORMAT = dwarf;
				ENABLE_STRICT_OBJC_MSGSEND = YES;
				ENABLE_TESTABILITY = YES;
				GCC_C_LANGUAGE_STANDARD = gnu11;
				GCC_DYNAMIC_NO_PIC = NO;
				GCC_NO_COMMON_BLOCKS = YES;
				GCC_OPTIMIZATION_LEVEL = 0;
				GCC_PREPROCESSOR_DEFINITIONS = (
					"DEBUG=1",
					"$(inherited)",
				);
				GCC_WARN_64_TO_32_BIT_CONVERSION = YES;
				GCC_WARN_ABOUT_RETURN_TYPE = YES_ERROR;
				GCC_WARN_UNDECLARED_SELECTOR = YES;
				GCC_WARN_UNINITIALIZED_AUTOS = YES_AGGRESSIVE;
				GCC_WARN_UNUSED_FUNCTION = YES;
				GCC_WARN_UNUSED_VARIABLE = YES;
				IPHONEOS_DEPLOYMENT_TARGET = 15.2;
				MTL_ENABLE_DEBUG_INFO = INCLUDE_SOURCE;
				MTL_FAST_MATH = YES;
				ONLY_ACTIVE_ARCH = YES;
				SDKROOT = iphoneos;
				SWIFT_ACTIVE_COMPILATION_CONDITIONS = DEBUG;
				SWIFT_OPTIMIZATION_LEVEL = "-Onone";
			};
			name = Debug;
		};
		04B3387D277196A5008219D1 /* Release */ = {
			isa = XCBuildConfiguration;
			buildSettings = {
				ALWAYS_SEARCH_USER_PATHS = NO;
				CLANG_ANALYZER_NONNULL = YES;
				CLANG_ANALYZER_NUMBER_OBJECT_CONVERSION = YES_AGGRESSIVE;
				CLANG_CXX_LANGUAGE_STANDARD = "gnu++17";
				CLANG_CXX_LIBRARY = "libc++";
				CLANG_ENABLE_MODULES = YES;
				CLANG_ENABLE_OBJC_ARC = YES;
				CLANG_ENABLE_OBJC_WEAK = YES;
				CLANG_WARN_BLOCK_CAPTURE_AUTORELEASING = YES;
				CLANG_WARN_BOOL_CONVERSION = YES;
				CLANG_WARN_COMMA = YES;
				CLANG_WARN_CONSTANT_CONVERSION = YES;
				CLANG_WARN_DEPRECATED_OBJC_IMPLEMENTATIONS = YES;
				CLANG_WARN_DIRECT_OBJC_ISA_USAGE = YES_ERROR;
				CLANG_WARN_DOCUMENTATION_COMMENTS = YES;
				CLANG_WARN_EMPTY_BODY = YES;
				CLANG_WARN_ENUM_CONVERSION = YES;
				CLANG_WARN_INFINITE_RECURSION = YES;
				CLANG_WARN_INT_CONVERSION = YES;
				CLANG_WARN_NON_LITERAL_NULL_CONVERSION = YES;
				CLANG_WARN_OBJC_IMPLICIT_RETAIN_SELF = YES;
				CLANG_WARN_OBJC_LITERAL_CONVERSION = YES;
				CLANG_WARN_OBJC_ROOT_CLASS = YES_ERROR;
				CLANG_WARN_QUOTED_INCLUDE_IN_FRAMEWORK_HEADER = YES;
				CLANG_WARN_RANGE_LOOP_ANALYSIS = YES;
				CLANG_WARN_STRICT_PROTOTYPES = YES;
				CLANG_WARN_SUSPICIOUS_MOVE = YES;
				CLANG_WARN_UNGUARDED_AVAILABILITY = YES_AGGRESSIVE;
				CLANG_WARN_UNREACHABLE_CODE = YES;
				CLANG_WARN__DUPLICATE_METHOD_MATCH = YES;
				COPY_PHASE_STRIP = NO;
				DEBUG_INFORMATION_FORMAT = "dwarf-with-dsym";
				ENABLE_NS_ASSERTIONS = NO;
				ENABLE_STRICT_OBJC_MSGSEND = YES;
				GCC_C_LANGUAGE_STANDARD = gnu11;
				GCC_NO_COMMON_BLOCKS = YES;
				GCC_WARN_64_TO_32_BIT_CONVERSION = YES;
				GCC_WARN_ABOUT_RETURN_TYPE = YES_ERROR;
				GCC_WARN_UNDECLARED_SELECTOR = YES;
				GCC_WARN_UNINITIALIZED_AUTOS = YES_AGGRESSIVE;
				GCC_WARN_UNUSED_FUNCTION = YES;
				GCC_WARN_UNUSED_VARIABLE = YES;
				IPHONEOS_DEPLOYMENT_TARGET = 15.2;
				MTL_ENABLE_DEBUG_INFO = NO;
				MTL_FAST_MATH = YES;
				SDKROOT = iphoneos;
				SWIFT_COMPILATION_MODE = wholemodule;
				SWIFT_OPTIMIZATION_LEVEL = "-O";
				VALIDATE_PRODUCT = YES;
			};
			name = Release;
		};
		04B3387F277196A5008219D1 /* Debug */ = {
			isa = XCBuildConfiguration;
			baseConfigurationReference = FF2714BD4705E15BE568123E /* Pods-StrategyTutorial.debug.xcconfig */;
			buildSettings = {
				ASSETCATALOG_COMPILER_APPICON_NAME = AppIcon;
				ASSETCATALOG_COMPILER_GLOBAL_ACCENT_COLOR_NAME = AccentColor;
				CODE_SIGN_STYLE = Automatic;
				CURRENT_PROJECT_VERSION = 1;
				DEVELOPMENT_TEAM = 969Y6REAB6;
				GENERATE_INFOPLIST_FILE = YES;
				INFOPLIST_FILE = StrategyTutorial/Info.plist;
				INFOPLIST_KEY_UIApplicationSupportsIndirectInputEvents = YES;
				INFOPLIST_KEY_UILaunchStoryboardName = LaunchScreen;
				INFOPLIST_KEY_UIMainStoryboardFile = Main;
				INFOPLIST_KEY_UISupportedInterfaceOrientations_iPad = "UIInterfaceOrientationPortrait UIInterfaceOrientationPortraitUpsideDown UIInterfaceOrientationLandscapeLeft UIInterfaceOrientationLandscapeRight";
				INFOPLIST_KEY_UISupportedInterfaceOrientations_iPhone = "UIInterfaceOrientationPortrait UIInterfaceOrientationLandscapeLeft UIInterfaceOrientationLandscapeRight";
				LD_RUNPATH_SEARCH_PATHS = (
					"$(inherited)",
					"@executable_path/Frameworks",
				);
				MARKETING_VERSION = 1.0;
				PRODUCT_BUNDLE_IDENTIFIER = com.aramy.StrategyTutorial;
				PRODUCT_NAME = "$(TARGET_NAME)";
				SWIFT_EMIT_LOC_STRINGS = YES;
				SWIFT_VERSION = 5.0;
				TARGETED_DEVICE_FAMILY = "1,2";
			};
			name = Debug;
		};
		04B33880277196A5008219D1 /* Release */ = {
			isa = XCBuildConfiguration;
			baseConfigurationReference = 5DB0900C961E0335D9B954B4 /* Pods-StrategyTutorial.release.xcconfig */;
			buildSettings = {
				ASSETCATALOG_COMPILER_APPICON_NAME = AppIcon;
				ASSETCATALOG_COMPILER_GLOBAL_ACCENT_COLOR_NAME = AccentColor;
				CODE_SIGN_STYLE = Automatic;
				CURRENT_PROJECT_VERSION = 1;
				DEVELOPMENT_TEAM = 969Y6REAB6;
				GENERATE_INFOPLIST_FILE = YES;
				INFOPLIST_FILE = StrategyTutorial/Info.plist;
				INFOPLIST_KEY_UIApplicationSupportsIndirectInputEvents = YES;
				INFOPLIST_KEY_UILaunchStoryboardName = LaunchScreen;
				INFOPLIST_KEY_UIMainStoryboardFile = Main;
				INFOPLIST_KEY_UISupportedInterfaceOrientations_iPad = "UIInterfaceOrientationPortrait UIInterfaceOrientationPortraitUpsideDown UIInterfaceOrientationLandscapeLeft UIInterfaceOrientationLandscapeRight";
				INFOPLIST_KEY_UISupportedInterfaceOrientations_iPhone = "UIInterfaceOrientationPortrait UIInterfaceOrientationLandscapeLeft UIInterfaceOrientationLandscapeRight";
				LD_RUNPATH_SEARCH_PATHS = (
					"$(inherited)",
					"@executable_path/Frameworks",
				);
				MARKETING_VERSION = 1.0;
				PRODUCT_BUNDLE_IDENTIFIER = com.aramy.StrategyTutorial;
				PRODUCT_NAME = "$(TARGET_NAME)";
				SWIFT_EMIT_LOC_STRINGS = YES;
				SWIFT_VERSION = 5.0;
				TARGETED_DEVICE_FAMILY = "1,2";
			};
			name = Release;
		};
		04B3388C27719714008219D1 /* Debug */ = {
			isa = XCBuildConfiguration;
			baseConfigurationReference = 062B78920A04ACDD6838D13D /* Pods-StrategyTutorialTests.debug.xcconfig */;
			buildSettings = {
				BUNDLE_LOADER = "$(TEST_HOST)";
				CODE_SIGN_STYLE = Automatic;
				CURRENT_PROJECT_VERSION = 1;
				DEVELOPMENT_TEAM = 969Y6REAB6;
				GENERATE_INFOPLIST_FILE = YES;
				MARKETING_VERSION = 1.0;
				PRODUCT_BUNDLE_IDENTIFIER = com.aramy.StrategyTutorialTests;
				PRODUCT_NAME = "$(TARGET_NAME)";
				SWIFT_EMIT_LOC_STRINGS = NO;
				SWIFT_VERSION = 5.0;
				TARGETED_DEVICE_FAMILY = "1,2";
				TEST_HOST = "$(BUILT_PRODUCTS_DIR)/StrategyTutorial.app/StrategyTutorial";
			};
			name = Debug;
		};
		04B3388D27719714008219D1 /* Release */ = {
			isa = XCBuildConfiguration;
			baseConfigurationReference = DCE10B3112023DE7B3A42116 /* Pods-StrategyTutorialTests.release.xcconfig */;
			buildSettings = {
				BUNDLE_LOADER = "$(TEST_HOST)";
				CODE_SIGN_STYLE = Automatic;
				CURRENT_PROJECT_VERSION = 1;
				DEVELOPMENT_TEAM = 969Y6REAB6;
				GENERATE_INFOPLIST_FILE = YES;
				MARKETING_VERSION = 1.0;
				PRODUCT_BUNDLE_IDENTIFIER = com.aramy.StrategyTutorialTests;
				PRODUCT_NAME = "$(TARGET_NAME)";
				SWIFT_EMIT_LOC_STRINGS = NO;
				SWIFT_VERSION = 5.0;
				TARGETED_DEVICE_FAMILY = "1,2";
				TEST_HOST = "$(BUILT_PRODUCTS_DIR)/StrategyTutorial.app/StrategyTutorial";
			};
			name = Release;
		};
/* End XCBuildConfiguration section */

/* Begin XCConfigurationList section */
		04B33865277196A4008219D1 /* Build configuration list for PBXProject "StrategyTutorial" */ = {
			isa = XCConfigurationList;
			buildConfigurations = (
				04B3387C277196A5008219D1 /* Debug */,
				04B3387D277196A5008219D1 /* Release */,
			);
			defaultConfigurationIsVisible = 0;
			defaultConfigurationName = Release;
		};
		04B3387E277196A5008219D1 /* Build configuration list for PBXNativeTarget "StrategyTutorial" */ = {
			isa = XCConfigurationList;
			buildConfigurations = (
				04B3387F277196A5008219D1 /* Debug */,
				04B33880277196A5008219D1 /* Release */,
			);
			defaultConfigurationIsVisible = 0;
			defaultConfigurationName = Release;
		};
		04B3388B27719714008219D1 /* Build configuration list for PBXNativeTarget "StrategyTutorialTests" */ = {
			isa = XCConfigurationList;
			buildConfigurations = (
				04B3388C27719714008219D1 /* Debug */,
				04B3388D27719714008219D1 /* Release */,
			);
			defaultConfigurationIsVisible = 0;
			defaultConfigurationName = Release;
		};
/* End XCConfigurationList section */
	};
	rootObject = 04B33862277196A4008219D1 /* Project object */;
}
